// !$*UTF8*$!
{
	archiveVersion = 1;
	classes = {
	};
	objectVersion = 50;
	objects = {

/* Begin PBXBuildFile section */
		2C109DD624DCB36100024135 /* Roboto-ThinItalic.ttf in Resources */ = {isa = PBXBuildFile; fileRef = 2C109DCA24DCB36000024135 /* Roboto-ThinItalic.ttf */; };
		2C109DD724DCB36100024135 /* Roboto-Medium.ttf in Resources */ = {isa = PBXBuildFile; fileRef = 2C109DCB24DCB36000024135 /* Roboto-Medium.ttf */; };
		2C109DD824DCB36100024135 /* Roboto-Regular.ttf in Resources */ = {isa = PBXBuildFile; fileRef = 2C109DCC24DCB36000024135 /* Roboto-Regular.ttf */; };
		2C109DD924DCB36100024135 /* Roboto-Bold.ttf in Resources */ = {isa = PBXBuildFile; fileRef = 2C109DCD24DCB36000024135 /* Roboto-Bold.ttf */; };
		2C109DDA24DCB36100024135 /* Roboto-Italic.ttf in Resources */ = {isa = PBXBuildFile; fileRef = 2C109DCE24DCB36000024135 /* Roboto-Italic.ttf */; };
		2C109DDB24DCB36100024135 /* Roboto-Black.ttf in Resources */ = {isa = PBXBuildFile; fileRef = 2C109DCF24DCB36000024135 /* Roboto-Black.ttf */; };
		2C109DDC24DCB36100024135 /* Roboto-BoldItalic.ttf in Resources */ = {isa = PBXBuildFile; fileRef = 2C109DD024DCB36000024135 /* Roboto-BoldItalic.ttf */; };
		2C109DDD24DCB36100024135 /* Roboto-LightItalic.ttf in Resources */ = {isa = PBXBuildFile; fileRef = 2C109DD124DCB36000024135 /* Roboto-LightItalic.ttf */; };
		2C109DDE24DCB36100024135 /* Roboto-MediumItalic.ttf in Resources */ = {isa = PBXBuildFile; fileRef = 2C109DD224DCB36000024135 /* Roboto-MediumItalic.ttf */; };
		2C109DDF24DCB36100024135 /* Roboto-BlackItalic.ttf in Resources */ = {isa = PBXBuildFile; fileRef = 2C109DD324DCB36000024135 /* Roboto-BlackItalic.ttf */; };
		2C109DE024DCB36100024135 /* Roboto-Light.ttf in Resources */ = {isa = PBXBuildFile; fileRef = 2C109DD424DCB36000024135 /* Roboto-Light.ttf */; };
		2C109DE124DCB36100024135 /* Roboto-Thin.ttf in Resources */ = {isa = PBXBuildFile; fileRef = 2C109DD524DCB36000024135 /* Roboto-Thin.ttf */; };
		2C109DE924DCB3DF00024135 /* Pridi-Bold.ttf in Resources */ = {isa = PBXBuildFile; fileRef = 2C109DE324DCB3DF00024135 /* Pridi-Bold.ttf */; };
		2C109DEA24DCB3DF00024135 /* Pridi-Regular.ttf in Resources */ = {isa = PBXBuildFile; fileRef = 2C109DE424DCB3DF00024135 /* Pridi-Regular.ttf */; };
		2C109DEB24DCB3DF00024135 /* Pridi-SemiBold.ttf in Resources */ = {isa = PBXBuildFile; fileRef = 2C109DE524DCB3DF00024135 /* Pridi-SemiBold.ttf */; };
		2C109DEC24DCB3DF00024135 /* Pridi-ExtraLight.ttf in Resources */ = {isa = PBXBuildFile; fileRef = 2C109DE624DCB3DF00024135 /* Pridi-ExtraLight.ttf */; };
		2C109DED24DCB3DF00024135 /* Pridi-Light.ttf in Resources */ = {isa = PBXBuildFile; fileRef = 2C109DE724DCB3DF00024135 /* Pridi-Light.ttf */; };
		2C109DEE24DCB3DF00024135 /* Pridi-Medium.ttf in Resources */ = {isa = PBXBuildFile; fileRef = 2C109DE824DCB3DF00024135 /* Pridi-Medium.ttf */; };
		2C109DF124DCB42B00024135 /* GildaDisplay-Regular.ttf in Resources */ = {isa = PBXBuildFile; fileRef = 2C109DF024DCB42B00024135 /* GildaDisplay-Regular.ttf */; };
		2C109DF424DCBD1D00024135 /* LogInViewController.swift in Sources */ = {isa = PBXBuildFile; fileRef = 2C109DF324DCBD1D00024135 /* LogInViewController.swift */; };
		2C109DF624DCBE8E00024135 /* SignUpViewController.swift in Sources */ = {isa = PBXBuildFile; fileRef = 2C109DF524DCBE8E00024135 /* SignUpViewController.swift */; };
		2C8357C624E085FD00848E91 /* TaskTableViewCell.swift in Sources */ = {isa = PBXBuildFile; fileRef = 2C8357C524E085FD00848E91 /* TaskTableViewCell.swift */; };
		2C8357CA24E0A80500848E91 /* IndustryViewController.swift in Sources */ = {isa = PBXBuildFile; fileRef = 2C8357C924E0A80500848E91 /* IndustryViewController.swift */; };
		2CAC8ED224DB5E25006078E9 /* AppDelegate.swift in Sources */ = {isa = PBXBuildFile; fileRef = 2CAC8ED124DB5E25006078E9 /* AppDelegate.swift */; };
		2CAC8ED424DB5E25006078E9 /* SceneDelegate.swift in Sources */ = {isa = PBXBuildFile; fileRef = 2CAC8ED324DB5E25006078E9 /* SceneDelegate.swift */; };
		2CAC8ED624DB5E25006078E9 /* HomeViewController.swift in Sources */ = {isa = PBXBuildFile; fileRef = 2CAC8ED524DB5E25006078E9 /* HomeViewController.swift */; };
		2CAC8EDB24DB5E27006078E9 /* Assets.xcassets in Resources */ = {isa = PBXBuildFile; fileRef = 2CAC8EDA24DB5E27006078E9 /* Assets.xcassets */; };
		2CAC8EDE24DB5E27006078E9 /* LaunchScreen.storyboard in Resources */ = {isa = PBXBuildFile; fileRef = 2CAC8EDC24DB5E27006078E9 /* LaunchScreen.storyboard */; };
		2CCBDBD024DF5AF900CC7646 /* DashboardViewController.swift in Sources */ = {isa = PBXBuildFile; fileRef = 2CCBDBCF24DF5AF900CC7646 /* DashboardViewController.swift */; };
/* End PBXBuildFile section */

/* Begin PBXFileReference section */
		2C109DCA24DCB36000024135 /* Roboto-ThinItalic.ttf */ = {isa = PBXFileReference; lastKnownFileType = file; path = "Roboto-ThinItalic.ttf"; sourceTree = "<group>"; };
		2C109DCB24DCB36000024135 /* Roboto-Medium.ttf */ = {isa = PBXFileReference; lastKnownFileType = file; path = "Roboto-Medium.ttf"; sourceTree = "<group>"; };
		2C109DCC24DCB36000024135 /* Roboto-Regular.ttf */ = {isa = PBXFileReference; lastKnownFileType = file; path = "Roboto-Regular.ttf"; sourceTree = "<group>"; };
		2C109DCD24DCB36000024135 /* Roboto-Bold.ttf */ = {isa = PBXFileReference; lastKnownFileType = file; path = "Roboto-Bold.ttf"; sourceTree = "<group>"; };
		2C109DCE24DCB36000024135 /* Roboto-Italic.ttf */ = {isa = PBXFileReference; lastKnownFileType = file; path = "Roboto-Italic.ttf"; sourceTree = "<group>"; };
		2C109DCF24DCB36000024135 /* Roboto-Black.ttf */ = {isa = PBXFileReference; lastKnownFileType = file; path = "Roboto-Black.ttf"; sourceTree = "<group>"; };
		2C109DD024DCB36000024135 /* Roboto-BoldItalic.ttf */ = {isa = PBXFileReference; lastKnownFileType = file; path = "Roboto-BoldItalic.ttf"; sourceTree = "<group>"; };
		2C109DD124DCB36000024135 /* Roboto-LightItalic.ttf */ = {isa = PBXFileReference; lastKnownFileType = file; path = "Roboto-LightItalic.ttf"; sourceTree = "<group>"; };
		2C109DD224DCB36000024135 /* Roboto-MediumItalic.ttf */ = {isa = PBXFileReference; lastKnownFileType = file; path = "Roboto-MediumItalic.ttf"; sourceTree = "<group>"; };
		2C109DD324DCB36000024135 /* Roboto-BlackItalic.ttf */ = {isa = PBXFileReference; lastKnownFileType = file; path = "Roboto-BlackItalic.ttf"; sourceTree = "<group>"; };
		2C109DD424DCB36000024135 /* Roboto-Light.ttf */ = {isa = PBXFileReference; lastKnownFileType = file; path = "Roboto-Light.ttf"; sourceTree = "<group>"; };
		2C109DD524DCB36000024135 /* Roboto-Thin.ttf */ = {isa = PBXFileReference; lastKnownFileType = file; path = "Roboto-Thin.ttf"; sourceTree = "<group>"; };
		2C109DE324DCB3DF00024135 /* Pridi-Bold.ttf */ = {isa = PBXFileReference; lastKnownFileType = file; path = "Pridi-Bold.ttf"; sourceTree = "<group>"; };
		2C109DE424DCB3DF00024135 /* Pridi-Regular.ttf */ = {isa = PBXFileReference; lastKnownFileType = file; path = "Pridi-Regular.ttf"; sourceTree = "<group>"; };
		2C109DE524DCB3DF00024135 /* Pridi-SemiBold.ttf */ = {isa = PBXFileReference; lastKnownFileType = file; path = "Pridi-SemiBold.ttf"; sourceTree = "<group>"; };
		2C109DE624DCB3DF00024135 /* Pridi-ExtraLight.ttf */ = {isa = PBXFileReference; lastKnownFileType = file; path = "Pridi-ExtraLight.ttf"; sourceTree = "<group>"; };
		2C109DE724DCB3DF00024135 /* Pridi-Light.ttf */ = {isa = PBXFileReference; lastKnownFileType = file; path = "Pridi-Light.ttf"; sourceTree = "<group>"; };
		2C109DE824DCB3DF00024135 /* Pridi-Medium.ttf */ = {isa = PBXFileReference; lastKnownFileType = file; path = "Pridi-Medium.ttf"; sourceTree = "<group>"; };
		2C109DF024DCB42B00024135 /* GildaDisplay-Regular.ttf */ = {isa = PBXFileReference; lastKnownFileType = file; path = "GildaDisplay-Regular.ttf"; sourceTree = "<group>"; };
		2C109DF324DCBD1D00024135 /* LogInViewController.swift */ = {isa = PBXFileReference; lastKnownFileType = sourcecode.swift; path = LogInViewController.swift; sourceTree = "<group>"; };
		2C109DF524DCBE8E00024135 /* SignUpViewController.swift */ = {isa = PBXFileReference; lastKnownFileType = sourcecode.swift; path = SignUpViewController.swift; sourceTree = "<group>"; };
		2C8357C524E085FD00848E91 /* TaskTableViewCell.swift */ = {isa = PBXFileReference; lastKnownFileType = sourcecode.swift; path = TaskTableViewCell.swift; sourceTree = "<group>"; };
		2C8357C924E0A80500848E91 /* IndustryViewController.swift */ = {isa = PBXFileReference; lastKnownFileType = sourcecode.swift; path = IndustryViewController.swift; sourceTree = "<group>"; };
		2CAC8ECE24DB5E25006078E9 /* FunnlApp.app */ = {isa = PBXFileReference; explicitFileType = wrapper.application; includeInIndex = 0; path = FunnlApp.app; sourceTree = BUILT_PRODUCTS_DIR; };
		2CAC8ED124DB5E25006078E9 /* AppDelegate.swift */ = {isa = PBXFileReference; lastKnownFileType = sourcecode.swift; path = AppDelegate.swift; sourceTree = "<group>"; };
		2CAC8ED324DB5E25006078E9 /* SceneDelegate.swift */ = {isa = PBXFileReference; lastKnownFileType = sourcecode.swift; path = SceneDelegate.swift; sourceTree = "<group>"; };
		2CAC8ED524DB5E25006078E9 /* HomeViewController.swift */ = {isa = PBXFileReference; lastKnownFileType = sourcecode.swift; path = HomeViewController.swift; sourceTree = "<group>"; };
		2CAC8EDA24DB5E27006078E9 /* Assets.xcassets */ = {isa = PBXFileReference; lastKnownFileType = folder.assetcatalog; path = Assets.xcassets; sourceTree = "<group>"; };
		2CAC8EDD24DB5E27006078E9 /* Base */ = {isa = PBXFileReference; lastKnownFileType = file.storyboard; name = Base; path = Base.lproj/LaunchScreen.storyboard; sourceTree = "<group>"; };
		2CAC8EDF24DB5E27006078E9 /* Info.plist */ = {isa = PBXFileReference; lastKnownFileType = text.plist.xml; path = Info.plist; sourceTree = "<group>"; };
		2CCBDBCF24DF5AF900CC7646 /* DashboardViewController.swift */ = {isa = PBXFileReference; lastKnownFileType = sourcecode.swift; path = DashboardViewController.swift; sourceTree = "<group>"; };
/* End PBXFileReference section */

/* Begin PBXFrameworksBuildPhase section */
		2CAC8ECB24DB5E25006078E9 /* Frameworks */ = {
			isa = PBXFrameworksBuildPhase;
			buildActionMask = 2147483647;
			files = (
			);
			runOnlyForDeploymentPostprocessing = 0;
		};
/* End PBXFrameworksBuildPhase section */

/* Begin PBXGroup section */
		2C109DC924DCB32500024135 /* Roboto Fonts */ = {
			isa = PBXGroup;
			children = (
				2C109DCF24DCB36000024135 /* Roboto-Black.ttf */,
				2C109DD324DCB36000024135 /* Roboto-BlackItalic.ttf */,
				2C109DCD24DCB36000024135 /* Roboto-Bold.ttf */,
				2C109DD024DCB36000024135 /* Roboto-BoldItalic.ttf */,
				2C109DCE24DCB36000024135 /* Roboto-Italic.ttf */,
				2C109DD424DCB36000024135 /* Roboto-Light.ttf */,
				2C109DD124DCB36000024135 /* Roboto-LightItalic.ttf */,
				2C109DCB24DCB36000024135 /* Roboto-Medium.ttf */,
				2C109DD224DCB36000024135 /* Roboto-MediumItalic.ttf */,
				2C109DCC24DCB36000024135 /* Roboto-Regular.ttf */,
				2C109DD524DCB36000024135 /* Roboto-Thin.ttf */,
				2C109DCA24DCB36000024135 /* Roboto-ThinItalic.ttf */,
			);
			path = "Roboto Fonts";
			sourceTree = "<group>";
		};
		2C109DE224DCB39100024135 /* Pridi Fonts */ = {
			isa = PBXGroup;
			children = (
				2C109DE324DCB3DF00024135 /* Pridi-Bold.ttf */,
				2C109DE624DCB3DF00024135 /* Pridi-ExtraLight.ttf */,
				2C109DE724DCB3DF00024135 /* Pridi-Light.ttf */,
				2C109DE824DCB3DF00024135 /* Pridi-Medium.ttf */,
				2C109DE424DCB3DF00024135 /* Pridi-Regular.ttf */,
				2C109DE524DCB3DF00024135 /* Pridi-SemiBold.ttf */,
			);
			path = "Pridi Fonts";
			sourceTree = "<group>";
		};
		2C109DEF24DCB40900024135 /* Gilda Display Fonts */ = {
			isa = PBXGroup;
			children = (
				2C109DF024DCB42B00024135 /* GildaDisplay-Regular.ttf */,
			);
			path = "Gilda Display Fonts";
			sourceTree = "<group>";
		};
		2C109DF224DCB43C00024135 /* Fonts */ = {
			isa = PBXGroup;
			children = (
				2C109DEF24DCB40900024135 /* Gilda Display Fonts */,
				2C109DE224DCB39100024135 /* Pridi Fonts */,
				2C109DC924DCB32500024135 /* Roboto Fonts */,
			);
			path = Fonts;
			sourceTree = "<group>";
		};
		2CAC8EC524DB5E25006078E9 = {
			isa = PBXGroup;
			children = (
				2CAC8ED024DB5E25006078E9 /* FunnlApp */,
				2CAC8ECF24DB5E25006078E9 /* Products */,
			);
			sourceTree = "<group>";
		};
		2CAC8ECF24DB5E25006078E9 /* Products */ = {
			isa = PBXGroup;
			children = (
				2CAC8ECE24DB5E25006078E9 /* FunnlApp.app */,
			);
			name = Products;
			sourceTree = "<group>";
		};
		2CAC8ED024DB5E25006078E9 /* FunnlApp */ = {
			isa = PBXGroup;
			children = (
				2C109DF224DCB43C00024135 /* Fonts */,
				2CAC8ED124DB5E25006078E9 /* AppDelegate.swift */,
				2CAC8ED324DB5E25006078E9 /* SceneDelegate.swift */,
				2CAC8ED524DB5E25006078E9 /* HomeViewController.swift */,
				2C109DF324DCBD1D00024135 /* LogInViewController.swift */,
				2C109DF524DCBE8E00024135 /* SignUpViewController.swift */,
				2CCBDBCF24DF5AF900CC7646 /* DashboardViewController.swift */,
				2C8357C524E085FD00848E91 /* TaskTableViewCell.swift */,
				2C8357C924E0A80500848E91 /* IndustryViewController.swift */,
				2CAC8EDA24DB5E27006078E9 /* Assets.xcassets */,
				2CAC8EDC24DB5E27006078E9 /* LaunchScreen.storyboard */,
				2CAC8EDF24DB5E27006078E9 /* Info.plist */,
			);
			path = FunnlApp;
			sourceTree = "<group>";
		};
/* End PBXGroup section */

/* Begin PBXNativeTarget section */
		2CAC8ECD24DB5E25006078E9 /* FunnlApp */ = {
			isa = PBXNativeTarget;
			buildConfigurationList = 2CAC8EE224DB5E27006078E9 /* Build configuration list for PBXNativeTarget "FunnlApp" */;
			buildPhases = (
				2CAC8ECA24DB5E25006078E9 /* Sources */,
				2CAC8ECB24DB5E25006078E9 /* Frameworks */,
				2CAC8ECC24DB5E25006078E9 /* Resources */,
			);
			buildRules = (
			);
			dependencies = (
			);
			name = FunnlApp;
			productName = FunnlApp;
			productReference = 2CAC8ECE24DB5E25006078E9 /* FunnlApp.app */;
			productType = "com.apple.product-type.application";
		};
/* End PBXNativeTarget section */

/* Begin PBXProject section */
		2CAC8EC624DB5E25006078E9 /* Project object */ = {
			isa = PBXProject;
			attributes = {
				LastSwiftUpdateCheck = 1160;
				LastUpgradeCheck = 1160;
				ORGANIZATIONNAME = "Germain Brachelt Tchuinkam Tchuinkam";
				TargetAttributes = {
					2CAC8ECD24DB5E25006078E9 = {
						CreatedOnToolsVersion = 11.6;
					};
				};
			};
			buildConfigurationList = 2CAC8EC924DB5E25006078E9 /* Build configuration list for PBXProject "FunnlApp" */;
			compatibilityVersion = "Xcode 9.3";
			developmentRegion = en;
			hasScannedForEncodings = 0;
			knownRegions = (
				en,
				Base,
			);
			mainGroup = 2CAC8EC524DB5E25006078E9;
			productRefGroup = 2CAC8ECF24DB5E25006078E9 /* Products */;
			projectDirPath = "";
			projectRoot = "";
			targets = (
				2CAC8ECD24DB5E25006078E9 /* FunnlApp */,
			);
		};
/* End PBXProject section */

/* Begin PBXResourcesBuildPhase section */
		2CAC8ECC24DB5E25006078E9 /* Resources */ = {
			isa = PBXResourcesBuildPhase;
			buildActionMask = 2147483647;
			files = (
				2C109DE124DCB36100024135 /* Roboto-Thin.ttf in Resources */,
				2C109DDC24DCB36100024135 /* Roboto-BoldItalic.ttf in Resources */,
				2C109DEE24DCB3DF00024135 /* Pridi-Medium.ttf in Resources */,
				2C109DD724DCB36100024135 /* Roboto-Medium.ttf in Resources */,
				2C109DDD24DCB36100024135 /* Roboto-LightItalic.ttf in Resources */,
				2C109DEA24DCB3DF00024135 /* Pridi-Regular.ttf in Resources */,
				2C109DD624DCB36100024135 /* Roboto-ThinItalic.ttf in Resources */,
				2C109DD924DCB36100024135 /* Roboto-Bold.ttf in Resources */,
				2C109DDB24DCB36100024135 /* Roboto-Black.ttf in Resources */,
				2C109DF124DCB42B00024135 /* GildaDisplay-Regular.ttf in Resources */,
				2C109DD824DCB36100024135 /* Roboto-Regular.ttf in Resources */,
				2C109DE924DCB3DF00024135 /* Pridi-Bold.ttf in Resources */,
				2C109DDF24DCB36100024135 /* Roboto-BlackItalic.ttf in Resources */,
				2C109DDA24DCB36100024135 /* Roboto-Italic.ttf in Resources */,
				2C109DED24DCB3DF00024135 /* Pridi-Light.ttf in Resources */,
				2C109DE024DCB36100024135 /* Roboto-Light.ttf in Resources */,
				2CAC8EDE24DB5E27006078E9 /* LaunchScreen.storyboard in Resources */,
				2C109DDE24DCB36100024135 /* Roboto-MediumItalic.ttf in Resources */,
				2C109DEC24DCB3DF00024135 /* Pridi-ExtraLight.ttf in Resources */,
				2C109DEB24DCB3DF00024135 /* Pridi-SemiBold.ttf in Resources */,
				2CAC8EDB24DB5E27006078E9 /* Assets.xcassets in Resources */,
			);
			runOnlyForDeploymentPostprocessing = 0;
		};
/* End PBXResourcesBuildPhase section */

/* Begin PBXSourcesBuildPhase section */
		2CAC8ECA24DB5E25006078E9 /* Sources */ = {
			isa = PBXSourcesBuildPhase;
			buildActionMask = 2147483647;
			files = (
				2C8357CA24E0A80500848E91 /* IndustryViewController.swift in Sources */,
				2C8357C624E085FD00848E91 /* TaskTableViewCell.swift in Sources */,
				2C109DF424DCBD1D00024135 /* LogInViewController.swift in Sources */,
				2CCBDBD024DF5AF900CC7646 /* DashboardViewController.swift in Sources */,
				2CAC8ED624DB5E25006078E9 /* HomeViewController.swift in Sources */,
				2CAC8ED224DB5E25006078E9 /* AppDelegate.swift in Sources */,
				2CAC8ED424DB5E25006078E9 /* SceneDelegate.swift in Sources */,
				2C109DF624DCBE8E00024135 /* SignUpViewController.swift in Sources */,
			);
			runOnlyForDeploymentPostprocessing = 0;
		};
/* End PBXSourcesBuildPhase section */

/* Begin PBXVariantGroup section */
		2CAC8EDC24DB5E27006078E9 /* LaunchScreen.storyboard */ = {
			isa = PBXVariantGroup;
			children = (
				2CAC8EDD24DB5E27006078E9 /* Base */,
			);
			name = LaunchScreen.storyboard;
			sourceTree = "<group>";
		};
/* End PBXVariantGroup section */

/* Begin XCBuildConfiguration section */
		2CAC8EE024DB5E27006078E9 /* Debug */ = {
			isa = XCBuildConfiguration;
			buildSettings = {
				ALWAYS_SEARCH_USER_PATHS = NO;
				CLANG_ANALYZER_NONNULL = YES;
				CLANG_ANALYZER_NUMBER_OBJECT_CONVERSION = YES_AGGRESSIVE;
				CLANG_CXX_LANGUAGE_STANDARD = "gnu++14";
				CLANG_CXX_LIBRARY = "libc++";
				CLANG_ENABLE_MODULES = YES;
				CLANG_ENABLE_OBJC_ARC = YES;
				CLANG_ENABLE_OBJC_WEAK = YES;
				CLANG_WARN_BLOCK_CAPTURE_AUTORELEASING = YES;
				CLANG_WARN_BOOL_CONVERSION = YES;
				CLANG_WARN_COMMA = YES;
				CLANG_WARN_CONSTANT_CONVERSION = YES;
				CLANG_WARN_DEPRECATED_OBJC_IMPLEMENTATIONS = YES;
				CLANG_WARN_DIRECT_OBJC_ISA_USAGE = YES_ERROR;
				CLANG_WARN_DOCUMENTATION_COMMENTS = YES;
				CLANG_WARN_EMPTY_BODY = YES;
				CLANG_WARN_ENUM_CONVERSION = YES;
				CLANG_WARN_INFINITE_RECURSION = YES;
				CLANG_WARN_INT_CONVERSION = YES;
				CLANG_WARN_NON_LITERAL_NULL_CONVERSION = YES;
				CLANG_WARN_OBJC_IMPLICIT_RETAIN_SELF = YES;
				CLANG_WARN_OBJC_LITERAL_CONVERSION = YES;
				CLANG_WARN_OBJC_ROOT_CLASS = YES_ERROR;
				CLANG_WARN_RANGE_LOOP_ANALYSIS = YES;
				CLANG_WARN_STRICT_PROTOTYPES = YES;
				CLANG_WARN_SUSPICIOUS_MOVE = YES;
				CLANG_WARN_UNGUARDED_AVAILABILITY = YES_AGGRESSIVE;
				CLANG_WARN_UNREACHABLE_CODE = YES;
				CLANG_WARN__DUPLICATE_METHOD_MATCH = YES;
				COPY_PHASE_STRIP = NO;
				DEBUG_INFORMATION_FORMAT = dwarf;
				ENABLE_STRICT_OBJC_MSGSEND = YES;
				ENABLE_TESTABILITY = YES;
				GCC_C_LANGUAGE_STANDARD = gnu11;
				GCC_DYNAMIC_NO_PIC = NO;
				GCC_NO_COMMON_BLOCKS = YES;
				GCC_OPTIMIZATION_LEVEL = 0;
				GCC_PREPROCESSOR_DEFINITIONS = (
					"DEBUG=1",
					"$(inherited)",
				);
				GCC_WARN_64_TO_32_BIT_CONVERSION = YES;
				GCC_WARN_ABOUT_RETURN_TYPE = YES_ERROR;
				GCC_WARN_UNDECLARED_SELECTOR = YES;
				GCC_WARN_UNINITIALIZED_AUTOS = YES_AGGRESSIVE;
				GCC_WARN_UNUSED_FUNCTION = YES;
				GCC_WARN_UNUSED_VARIABLE = YES;
				IPHONEOS_DEPLOYMENT_TARGET = 13.6;
				MTL_ENABLE_DEBUG_INFO = INCLUDE_SOURCE;
				MTL_FAST_MATH = YES;
				ONLY_ACTIVE_ARCH = YES;
				SDKROOT = iphoneos;
				SWIFT_ACTIVE_COMPILATION_CONDITIONS = DEBUG;
				SWIFT_OPTIMIZATION_LEVEL = "-Onone";
			};
			name = Debug;
		};
		2CAC8EE124DB5E27006078E9 /* Release */ = {
			isa = XCBuildConfiguration;
			buildSettings = {
				ALWAYS_SEARCH_USER_PATHS = NO;
				CLANG_ANALYZER_NONNULL = YES;
				CLANG_ANALYZER_NUMBER_OBJECT_CONVERSION = YES_AGGRESSIVE;
				CLANG_CXX_LANGUAGE_STANDARD = "gnu++14";
				CLANG_CXX_LIBRARY = "libc++";
				CLANG_ENABLE_MODULES = YES;
				CLANG_ENABLE_OBJC_ARC = YES;
				CLANG_ENABLE_OBJC_WEAK = YES;
				CLANG_WARN_BLOCK_CAPTURE_AUTORELEASING = YES;
				CLANG_WARN_BOOL_CONVERSION = YES;
				CLANG_WARN_COMMA = YES;
				CLANG_WARN_CONSTANT_CONVERSION = YES;
				CLANG_WARN_DEPRECATED_OBJC_IMPLEMENTATIONS = YES;
				CLANG_WARN_DIRECT_OBJC_ISA_USAGE = YES_ERROR;
				CLANG_WARN_DOCUMENTATION_COMMENTS = YES;
				CLANG_WARN_EMPTY_BODY = YES;
				CLANG_WARN_ENUM_CONVERSION = YES;
				CLANG_WARN_INFINITE_RECURSION = YES;
				CLANG_WARN_INT_CONVERSION = YES;
				CLANG_WARN_NON_LITERAL_NULL_CONVERSION = YES;
				CLANG_WARN_OBJC_IMPLICIT_RETAIN_SELF = YES;
				CLANG_WARN_OBJC_LITERAL_CONVERSION = YES;
				CLANG_WARN_OBJC_ROOT_CLASS = YES_ERROR;
				CLANG_WARN_RANGE_LOOP_ANALYSIS = YES;
				CLANG_WARN_STRICT_PROTOTYPES = YES;
				CLANG_WARN_SUSPICIOUS_MOVE = YES;
				CLANG_WARN_UNGUARDED_AVAILABILITY = YES_AGGRESSIVE;
				CLANG_WARN_UNREACHABLE_CODE = YES;
				CLANG_WARN__DUPLICATE_METHOD_MATCH = YES;
				COPY_PHASE_STRIP = NO;
				DEBUG_INFORMATION_FORMAT = "dwarf-with-dsym";
				ENABLE_NS_ASSERTIONS = NO;
				ENABLE_STRICT_OBJC_MSGSEND = YES;
				GCC_C_LANGUAGE_STANDARD = gnu11;
				GCC_NO_COMMON_BLOCKS = YES;
				GCC_WARN_64_TO_32_BIT_CONVERSION = YES;
				GCC_WARN_ABOUT_RETURN_TYPE = YES_ERROR;
				GCC_WARN_UNDECLARED_SELECTOR = YES;
				GCC_WARN_UNINITIALIZED_AUTOS = YES_AGGRESSIVE;
				GCC_WARN_UNUSED_FUNCTION = YES;
				GCC_WARN_UNUSED_VARIABLE = YES;
				IPHONEOS_DEPLOYMENT_TARGET = 13.6;
				MTL_ENABLE_DEBUG_INFO = NO;
				MTL_FAST_MATH = YES;
				SDKROOT = iphoneos;
				SWIFT_COMPILATION_MODE = wholemodule;
				SWIFT_OPTIMIZATION_LEVEL = "-O";
				VALIDATE_PRODUCT = YES;
			};
			name = Release;
		};
		2CAC8EE324DB5E27006078E9 /* Debug */ = {
			isa = XCBuildConfiguration;
			buildSettings = {
				ASSETCATALOG_COMPILER_APPICON_NAME = AppIcon;
				CODE_SIGN_STYLE = Automatic;
				DEVELOPMENT_TEAM = 84BF4RKP3S;
				INFOPLIST_FILE = FunnlApp/Info.plist;
				LD_RUNPATH_SEARCH_PATHS = (
					"$(inherited)",
					"@executable_path/Frameworks",
				);
				PRODUCT_BUNDLE_IDENTIFIER = com.funnl.FunnlApp;
				PRODUCT_NAME = "$(TARGET_NAME)";
				SWIFT_VERSION = 5.0;
				TARGETED_DEVICE_FAMILY = "1,2";
			};
			name = Debug;
		};
		2CAC8EE424DB5E27006078E9 /* Release */ = {
			isa = XCBuildConfiguration;
			buildSettings = {
				ASSETCATALOG_COMPILER_APPICON_NAME = AppIcon;
				CODE_SIGN_STYLE = Automatic;
				DEVELOPMENT_TEAM = 84BF4RKP3S;
				INFOPLIST_FILE = FunnlApp/Info.plist;
				LD_RUNPATH_SEARCH_PATHS = (
					"$(inherited)",
					"@executable_path/Frameworks",
				);
				PRODUCT_BUNDLE_IDENTIFIER = com.funnl.FunnlApp;
				PRODUCT_NAME = "$(TARGET_NAME)";
				SWIFT_VERSION = 5.0;
				TARGETED_DEVICE_FAMILY = "1,2";
			};
			name = Release;
		};
/* End XCBuildConfiguration section */

/* Begin XCConfigurationList section */
		2CAC8EC924DB5E25006078E9 /* Build configuration list for PBXProject "FunnlApp" */ = {
			isa = XCConfigurationList;
			buildConfigurations = (
				2CAC8EE024DB5E27006078E9 /* Debug */,
				2CAC8EE124DB5E27006078E9 /* Release */,
			);
			defaultConfigurationIsVisible = 0;
			defaultConfigurationName = Release;
		};
		2CAC8EE224DB5E27006078E9 /* Build configuration list for PBXNativeTarget "FunnlApp" */ = {
			isa = XCConfigurationList;
			buildConfigurations = (
				2CAC8EE324DB5E27006078E9 /* Debug */,
				2CAC8EE424DB5E27006078E9 /* Release */,
			);
			defaultConfigurationIsVisible = 0;
			defaultConfigurationName = Release;
		};
/* End XCConfigurationList section */
	};
	rootObject = 2CAC8EC624DB5E25006078E9 /* Project object */;
}
